{
  "name": "fylo_health",
  "version": "1.0.0",
  "lockfileVersion": 1,
  "requires": true,
  "dependencies": {
    "@fullcalendar/core": {
      "version": "6.1.6",
      "resolved": "https://registry.npmjs.org/@fullcalendar/core/-/core-6.1.6.tgz",
      "integrity": "sha512-Q/3pWgOv7qr/eVpuDz+05jxJZSg7Fdwh4XgQP8DlJFLp5aLlOiiKdkTUIO1BX7clQtYTm8P0v7FqMKbsFiQInw==",
      "requires": {
        "preact": "~10.12.1"
      }
    },
    "@fullcalendar/daygrid": {
      "version": "6.1.6",
      "resolved": "https://registry.npmjs.org/@fullcalendar/daygrid/-/daygrid-6.1.6.tgz",
      "integrity": "sha512-HKxprePWXRyg1Shn7p0CWgggFZVwvs+Pg0Z9uSvx6a58wP1yTbOoJHhSVv5CDsfjnq1a0y6DsJbPP/V2LDl6bg=="
    },
    "jquery": {
      "version": "3.6.4",
      "resolved": "https://registry.npmjs.org/jquery/-/jquery-3.6.4.tgz",
      "integrity": "sha512-v28EW9DWDFpzcD9O5iyJXg3R3+q+mET5JhnjJzQUZMHOv67bpSIHq81GEYpPNZHG+XXHsfSme3nxp/hndKEcsQ=="
    },
    "preact": {
      "version": "10.12.1",
      "resolved": "https://registry.npmjs.org/preact/-/preact-10.12.1.tgz",
      "integrity": "sha512-l8386ixSsBdbreOAkqtrwqHwdvR35ID8c3rKPa8lCWuO86dBi32QWHV4vfsZK1utLLFMvw+Z5Ad4XLkZzchscg=="
    }
  }
}
